
Microsoft Visual Studio Solution File, Format Version 12.00
# Visual Studio Version 16
VisualStudioVersion = 16.0.29324.140
MinimumVisualStudioVersion = 10.0.40219.1
Project("{FAE04EC0-301F-11D3-BF4B-00C04F79EFBC}") = "WindowsFormsApp4", "WindowsFormsApp4\WindowsFormsApp4.csproj", "{7CCB0EDB-B816-496C-99A4-6AF063626B83}"
EndProject
Global
	GlobalSection(SolutionConfigurationPlatforms) = preSolution
		Debug|Any CPU = Debug|Any CPU
		Release|Any CPU = Release|Any CPU
	EndGlobalSection
	GlobalSection(ProjectConfigurationPlatforms) = postSolution
		{7CCB0EDB-B816-496C-99A4-6AF063626B83}.Debug|Any CPU.ActiveCfg = Debug|Any CPU
		{7CCB0EDB-B816-496C-99A4-6AF063626B83}.Debug|Any CPU.Build.0 = Debug|Any CPU
		{7CCB0EDB-B816-496C-99A4-6AF063626B83}.Release|Any CPU.ActiveCfg = Release|Any CPU
		{7CCB0EDB-B816-496C-99A4-6AF063626B83}.Release|Any CPU.Build.0 = Release|Any CPU
	EndGlobalSection
	GlobalSection(SolutionProperties) = preSolution
		HideSolutionNode = FALSE
	EndGlobalSection
	GlobalSection(ExtensibilityGlobals) = postSolution
		SolutionGuid = {F3592590-6306-497F-8A91-16A783636158}
	EndGlobalSection
EndGlobal
