
Microsoft Visual Studio Solution File, Format Version 12.00
# Visual Studio Version 16
VisualStudioVersion = 16.0.29324.140
MinimumVisualStudioVersion = 10.0.40219.1
Project("{FAE04EC0-301F-11D3-BF4B-00C04F79EFBC}") = "WindowsFormsApp1", "WindowsFormsApp1\WindowsFormsApp1.csproj", "{2B6336AB-DFC6-40F7-8A86-4964EAC76BAF}"
EndProject
Global
	GlobalSection(SolutionConfigurationPlatforms) = preSolution
		Debug|Any CPU = Debug|Any CPU
		Release|Any CPU = Release|Any CPU
	EndGlobalSection
	GlobalSection(ProjectConfigurationPlatforms) = postSolution
		{2B6336AB-DFC6-40F7-8A86-4964EAC76BAF}.Debug|Any CPU.ActiveCfg = Debug|Any CPU
		{2B6336AB-DFC6-40F7-8A86-4964EAC76BAF}.Debug|Any CPU.Build.0 = Debug|Any CPU
		{2B6336AB-DFC6-40F7-8A86-4964EAC76BAF}.Release|Any CPU.ActiveCfg = Release|Any CPU
		{2B6336AB-DFC6-40F7-8A86-4964EAC76BAF}.Release|Any CPU.Build.0 = Release|Any CPU
	EndGlobalSection
	GlobalSection(SolutionProperties) = preSolution
		HideSolutionNode = FALSE
	EndGlobalSection
	GlobalSection(ExtensibilityGlobals) = postSolution
		SolutionGuid = {3E7BAF70-B7E7-46A1-AF32-2AAA84C68CAC}
	EndGlobalSection
EndGlobal
