
Microsoft Visual Studio Solution File, Format Version 12.00
# Visual Studio Version 16
VisualStudioVersion = 16.0.29324.140
MinimumVisualStudioVersion = 10.0.40219.1
Project("{FAE04EC0-301F-11D3-BF4B-00C04F79EFBC}") = "WindowsFormsApp1", "WindowsFormsApp1\WindowsFormsApp1.csproj", "{D4EDB41D-E2E2-424C-9756-1E3F7B087077}"
EndProject
Global
	GlobalSection(SolutionConfigurationPlatforms) = preSolution
		Debug|Any CPU = Debug|Any CPU
		Release|Any CPU = Release|Any CPU
	EndGlobalSection
	GlobalSection(ProjectConfigurationPlatforms) = postSolution
		{D4EDB41D-E2E2-424C-9756-1E3F7B087077}.Debug|Any CPU.ActiveCfg = Debug|Any CPU
		{D4EDB41D-E2E2-424C-9756-1E3F7B087077}.Debug|Any CPU.Build.0 = Debug|Any CPU
		{D4EDB41D-E2E2-424C-9756-1E3F7B087077}.Release|Any CPU.ActiveCfg = Release|Any CPU
		{D4EDB41D-E2E2-424C-9756-1E3F7B087077}.Release|Any CPU.Build.0 = Release|Any CPU
	EndGlobalSection
	GlobalSection(SolutionProperties) = preSolution
		HideSolutionNode = FALSE
	EndGlobalSection
	GlobalSection(ExtensibilityGlobals) = postSolution
		SolutionGuid = {099D6D85-13B7-40C5-B477-8025439C4F09}
	EndGlobalSection
EndGlobal
