
Microsoft Visual Studio Solution File, Format Version 12.00
# Visual Studio Version 16
VisualStudioVersion = 16.0.29324.140
MinimumVisualStudioVersion = 10.0.40219.1
Project("{FAE04EC0-301F-11D3-BF4B-00C04F79EFBC}") = "WindowsFormsApp1", "WindowsFormsApp1\WindowsFormsApp1.csproj", "{115571EB-9369-40A8-AA1D-DE50F98BE059}"
EndProject
Project("{FAE04EC0-301F-11D3-BF4B-00C04F79EFBC}") = "WindowsFormsApp2", "WindowsFormsApp2\WindowsFormsApp2.csproj", "{C96AEABC-A9EA-40D1-8112-010764DDCFEE}"
EndProject
Project("{FAE04EC0-301F-11D3-BF4B-00C04F79EFBC}") = "WindowsFormsApp3", "WindowsFormsApp3\WindowsFormsApp3.csproj", "{690BBC4C-CB56-4BA3-94C5-6B0FE0E555A2}"
EndProject
Project("{FAE04EC0-301F-11D3-BF4B-00C04F79EFBC}") = "WindowsFormsApp4", "WindowsFormsApp4\WindowsFormsApp4.csproj", "{DFDF71C5-5905-4057-B674-2F2DCB475E1E}"
EndProject
Project("{FAE04EC0-301F-11D3-BF4B-00C04F79EFBC}") = "WindowsFormsApp5", "WindowsFormsApp5\WindowsFormsApp5.csproj", "{66A87B5A-CBC4-4D21-9A3A-DEA610D22FB2}"
EndProject
Global
	GlobalSection(SolutionConfigurationPlatforms) = preSolution
		Debug|Any CPU = Debug|Any CPU
		Release|Any CPU = Release|Any CPU
	EndGlobalSection
	GlobalSection(ProjectConfigurationPlatforms) = postSolution
		{115571EB-9369-40A8-AA1D-DE50F98BE059}.Debug|Any CPU.ActiveCfg = Debug|Any CPU
		{115571EB-9369-40A8-AA1D-DE50F98BE059}.Debug|Any CPU.Build.0 = Debug|Any CPU
		{115571EB-9369-40A8-AA1D-DE50F98BE059}.Release|Any CPU.ActiveCfg = Release|Any CPU
		{115571EB-9369-40A8-AA1D-DE50F98BE059}.Release|Any CPU.Build.0 = Release|Any CPU
		{C96AEABC-A9EA-40D1-8112-010764DDCFEE}.Debug|Any CPU.ActiveCfg = Debug|Any CPU
		{C96AEABC-A9EA-40D1-8112-010764DDCFEE}.Debug|Any CPU.Build.0 = Debug|Any CPU
		{C96AEABC-A9EA-40D1-8112-010764DDCFEE}.Release|Any CPU.ActiveCfg = Release|Any CPU
		{C96AEABC-A9EA-40D1-8112-010764DDCFEE}.Release|Any CPU.Build.0 = Release|Any CPU
		{690BBC4C-CB56-4BA3-94C5-6B0FE0E555A2}.Debug|Any CPU.ActiveCfg = Debug|Any CPU
		{690BBC4C-CB56-4BA3-94C5-6B0FE0E555A2}.Debug|Any CPU.Build.0 = Debug|Any CPU
		{690BBC4C-CB56-4BA3-94C5-6B0FE0E555A2}.Release|Any CPU.ActiveCfg = Release|Any CPU
		{690BBC4C-CB56-4BA3-94C5-6B0FE0E555A2}.Release|Any CPU.Build.0 = Release|Any CPU
		{DFDF71C5-5905-4057-B674-2F2DCB475E1E}.Debug|Any CPU.ActiveCfg = Debug|Any CPU
		{DFDF71C5-5905-4057-B674-2F2DCB475E1E}.Debug|Any CPU.Build.0 = Debug|Any CPU
		{DFDF71C5-5905-4057-B674-2F2DCB475E1E}.Release|Any CPU.ActiveCfg = Release|Any CPU
		{DFDF71C5-5905-4057-B674-2F2DCB475E1E}.Release|Any CPU.Build.0 = Release|Any CPU
		{66A87B5A-CBC4-4D21-9A3A-DEA610D22FB2}.Debug|Any CPU.ActiveCfg = Debug|Any CPU
		{66A87B5A-CBC4-4D21-9A3A-DEA610D22FB2}.Debug|Any CPU.Build.0 = Debug|Any CPU
		{66A87B5A-CBC4-4D21-9A3A-DEA610D22FB2}.Release|Any CPU.ActiveCfg = Release|Any CPU
		{66A87B5A-CBC4-4D21-9A3A-DEA610D22FB2}.Release|Any CPU.Build.0 = Release|Any CPU
	EndGlobalSection
	GlobalSection(SolutionProperties) = preSolution
		HideSolutionNode = FALSE
	EndGlobalSection
	GlobalSection(ExtensibilityGlobals) = postSolution
		SolutionGuid = {F120A44A-F493-4366-877E-9A942D6546B1}
	EndGlobalSection
EndGlobal
